lockfileVersion: '9.0'

settings:
  autoInstallPeers: true
  excludeLinksFromLockfile: false

importers:

  .:
    dependencies:
      axios:
        specifier: ^1.6.0
        version: 1.12.2
      zod:
        specifier: ^3.22.4
        version: 3.25.76
    devDependencies:
      '@types/node':
        specifier: ^20.0.0
        version: 20.19.21
      oxfmt:
        specifier: ^0.14.0
        version: 0.14.0
      oxlint:
        specifier: ^1.23.0
        version: 1.23.0(oxlint-tsgolint@0.7.1)
      oxlint-tsgolint:
        specifier: ^0.7.1
        version: 0.7.1
      typescript:
        specifier: ^5.9.3
        version: 5.9.3

packages:

  '@oxfmt/darwin-arm64@0.14.0':
    resolution: {integrity: sha512-g8FANFTuzEcB2KLsE2IcQYXjdgDi8x9GUf8c4t7iyFD7oj0HGucKHhoMz3XsRWTx8szBZoJJD+t4bzs4+AMFdQ==}
    cpu: [arm64]
    os: [darwin]

  '@oxfmt/darwin-x64@0.14.0':
    resolution: {integrity: sha512-Hd/DI+a8PKhl33CmaR3eQdx2P4zpaeoUwjOJQd090cFEbEX9auoCo6+t4LLm/JlzgnRSnFq0EaZOWJVK3wDu8Q==}
    cpu: [x64]
    os: [darwin]

  '@oxfmt/linux-arm64-gnu@0.14.0':
    resolution: {integrity: sha512-JzMyMKuDY9UmxRRnHWFdzYIXYZ2SK2/RmJKhYS47lcRELQC64nzuFe0d5JkRnt7KIJoM7RdUmYqEr+UKdiZ5mg==}
    cpu: [arm64]
    os: [linux]

  '@oxfmt/linux-arm64-musl@0.14.0':
    resolution: {integrity: sha512-sPLA+jvL5kArpnUpxlt6v/EZCGvIhe8Z6hnNuGUa4gdYfzVf2XhAK1jO6hrrjFMT+2cnkbqmxa5iuZqCT6Y5xg==}
    cpu: [arm64]
    os: [linux]

  '@oxfmt/linux-x64-gnu@0.14.0':
    resolution: {integrity: sha512-2hWVwIBa756NHs3+19om1mQp2C4vnGhFGe75AmsRRlkLq1vttC1iuQoF6slQQTS6n0/d7o4Pg1wGY3kldY6Msw==}
    cpu: [x64]
    os: [linux]

  '@oxfmt/linux-x64-musl@0.14.0':
    resolution: {integrity: sha512-bk98BFY2wArfWTVJ+T0zTCqF1deFfcyzrJ0/zppupQDFVdKUTga2XeKY8S1ImdyG+N7XcixdCrcT9db+SVNKMA==}
    cpu: [x64]
    os: [linux]

  '@oxfmt/win32-arm64@0.14.0':
    resolution: {integrity: sha512-UxctetV+XOXGXYcJp8uwP+/cUq3GSTAxq6UBbeGUq+0j1je3zC4XCQ6Kh/dm6kxOnAzrmMkX1uG4Su4bwvMq8w==}
    cpu: [arm64]
    os: [win32]

  '@oxfmt/win32-x64@0.14.0':
    resolution: {integrity: sha512-P/Cw1aP0UIf42HDH6t3+5IY0xx8e4HxCfDHQz/PDbJ+Vc2JhAB6rzkVFAOEo9inQsXoZVdApF/xklp4NJtrkqQ==}
    cpu: [x64]
    os: [win32]

  '@oxlint-tsgolint/darwin-arm64@0.7.1':
    resolution: {integrity: sha512-RyMq2FRizgBWQJrlbNYXwEx7Q6/OsurhMQ5mXM/e3YrL9e91fXxRKiaRHzVxo6Id4iWz2+xKX5Dqp3C+ME4wtA==}
    cpu: [arm64]
    os: [darwin]

  '@oxlint-tsgolint/darwin-x64@0.7.1':
    resolution: {integrity: sha512-d5v5+KXxu8we3jB668Qf2fapaglcJM/PqRXaX3ZYNsdDfTTjaV3KEaKRoozfBvFhnw3Z3MaJ647mEIRmrQivbg==}
    cpu: [x64]
    os: [darwin]

  '@oxlint-tsgolint/linux-arm64@0.7.1':
    resolution: {integrity: sha512-6HF1Ck+60PPUjId4cjsABaanD+vMug7zBscGgtSjxb4nqcGOm9QknJ5EiDaiazU94hlykPSP013QUauEs48sJg==}
    cpu: [arm64]
    os: [linux]

  '@oxlint-tsgolint/linux-x64@0.7.1':
    resolution: {integrity: sha512-rbai2x15i6Ym4h3vGITxtZN9mQt2qTHUpGwN1Yz3e+K1X1HYVX2aBf0aMpe5L8leaYU2xOPRzyzI6z9UAiygqQ==}
    cpu: [x64]
    os: [linux]

  '@oxlint-tsgolint/win32-arm64@0.7.1':
    resolution: {integrity: sha512-h73QR1p6bn9yXyPzaC22HuIfcZr/PQJPsMsYJb1kNCyNltUmvfxxX2+EIm7N9aUonWZQiQYUZqf754SfHw194g==}
    cpu: [arm64]
    os: [win32]

  '@oxlint-tsgolint/win32-x64@0.7.1':
    resolution: {integrity: sha512-+ZdJW8uCIiAS6vIwaVtXt4K+HEjbNyR1zf5l+8kfVWW6oIyYby2emZMT+1YQxft6LJ159Bt7qkVpO6sscIBp6Q==}
    cpu: [x64]
    os: [win32]

  '@oxlint/darwin-arm64@1.23.0':
    resolution: {integrity: sha512-sbxoftgEMKmZQO7O4wHR9Rs7MfiHa2UH2x4QJDoc4LXqSCsI4lUIJbFQ05vX+zOUbt7CQMPdxEzExd4DqeKY2w==}
    cpu: [arm64]
    os: [darwin]

  '@oxlint/darwin-x64@1.23.0':
    resolution: {integrity: sha512-PjByWr1TlwHQiOqEc8CPyXCT4wnujSK3n9l1m4un0Eh0uLJEDG5WM9tyDWOGuakC0Ika9/SMp0HDRg3ySchRRA==}
    cpu: [x64]
    os: [darwin]

  '@oxlint/linux-arm64-gnu@1.23.0':
    resolution: {integrity: sha512-sWlCwQ6xKeKC08qU3SfozqpRGCLJiO/onPYFJKEHbjzHkFp+OubOacFaT4ePcka28jCU1TvQ7Gi5BVQRncr0Xg==}
    cpu: [arm64]
    os: [linux]

  '@oxlint/linux-arm64-musl@1.23.0':
    resolution: {integrity: sha512-MPkmSiezuVgjMbzDSkRhENdnb038JOI+OTpBrOho2crbCAuqSRvyFwkMRhncJGZskzo1yeKxrKXB8T83ofmSXw==}
    cpu: [arm64]
    os: [linux]

  '@oxlint/linux-x64-gnu@1.23.0':
    resolution: {integrity: sha512-F6H9wmLfjBoNqtsgyg3P9abLnkVjNbCAnISKdRtDl7HvkMs4s/eU8np9+tSnqPeKOTBhkS+h/VSWgPGZTqIWQA==}
    cpu: [x64]
    os: [linux]

  '@oxlint/linux-x64-musl@1.23.0':
    resolution: {integrity: sha512-Xra0Cow35mAku8mbUbviPRalTU4Ct6MXQ1Eue8GmN4HFkjosrNa5qfy7QkJBqzjiI+JdnHxPXwackGn92/XOQw==}
    cpu: [x64]
    os: [linux]

  '@oxlint/win32-arm64@1.23.0':
    resolution: {integrity: sha512-FR+I+uGD3eFzTfBw87QRr+Y1jBYil3TqPM0wkSvuf3gOJTEXAfSkh9QHCgQqrseW3HDW7YJJ8ty1+sU31H/N4g==}
    cpu: [arm64]
    os: [win32]

  '@oxlint/win32-x64@1.23.0':
    resolution: {integrity: sha512-/oX0b26YIC1OgS5B+G8Ux1Vs/PIjOP4CBRzsPpYr0T+RoboJ3ZuV32bztLRggJKQqIlozcqiRo9fl/UMOMp8kQ==}
    cpu: [x64]
    os: [win32]

  '@types/node@20.19.21':
    resolution: {integrity: sha512-CsGG2P3I5y48RPMfprQGfy4JPRZ6csfC3ltBZSRItG3ngggmNY/qs2uZKp4p9VbrpqNNSMzUZNFZKzgOGnd/VA==}

  asynckit@0.4.0:
    resolution: {integrity: sha512-Oei9OH4tRh0YqU3GxhX79dM/mwVgvbZJaSNaRk+bshkj0S5cfHcgYakreBjrHwatXKbz+IoIdYLxrKim2MjW0Q==}

  axios@1.12.2:
    resolution: {integrity: sha512-vMJzPewAlRyOgxV2dU0Cuz2O8zzzx9VYtbJOaBgXFeLc4IV/Eg50n4LowmehOOR61S8ZMpc2K5Sa7g6A4jfkUw==}

  call-bind-apply-helpers@1.0.2:
    resolution: {integrity: sha512-Sp1ablJ0ivDkSzjcaJdxEunN5/XvksFJ2sMBFfq6x0ryhQV/2b/KwFe21cMpmHtPOSij8K99/wSfoEuTObmuMQ==}
    engines: {node: '>= 0.4'}

  combined-stream@1.0.8:
    resolution: {integrity: sha512-FQN4MRfuJeHf7cBbBMJFXhKSDq+2kAArBlmRBvcvFE5BB1HZKXtSFASDhdlz9zOYwxh8lDdnvmMOe/+5cdoEdg==}
    engines: {node: '>= 0.8'}

  delayed-stream@1.0.0:
    resolution: {integrity: sha512-ZySD7Nf91aLB0RxL4KGrKHBXl7Eds1DAmEdcoVawXnLD7SDhpNgtuII2aAkg7a7QS41jxPSZ17p4VdGnMHk3MQ==}
    engines: {node: '>=0.4.0'}

  dunder-proto@1.0.1:
    resolution: {integrity: sha512-KIN/nDJBQRcXw0MLVhZE9iQHmG68qAVIBg9CqmUYjmQIhgij9U5MFvrqkUL5FbtyyzZuOeOt0zdeRe4UY7ct+A==}
    engines: {node: '>= 0.4'}

  es-define-property@1.0.1:
    resolution: {integrity: sha512-e3nRfgfUZ4rNGL232gUgX06QNyyez04KdjFrF+LTRoOXmrOgFKDg4BCdsjW8EnT69eqdYGmRpJwiPVYNrCaW3g==}
    engines: {node: '>= 0.4'}

  es-errors@1.3.0:
    resolution: {integrity: sha512-Zf5H2Kxt2xjTvbJvP2ZWLEICxA6j+hAmMzIlypy4xcBg1vKVnx89Wy0GbS+kf5cwCVFFzdCFh2XSCFNULS6csw==}
    engines: {node: '>= 0.4'}

  es-object-atoms@1.1.1:
    resolution: {integrity: sha512-FGgH2h8zKNim9ljj7dankFPcICIK9Cp5bm+c2gQSYePhpaG5+esrLODihIorn+Pe6FGJzWhXQotPv73jTaldXA==}
    engines: {node: '>= 0.4'}

  es-set-tostringtag@2.1.0:
    resolution: {integrity: sha512-j6vWzfrGVfyXxge+O0x5sh6cvxAog0a/4Rdd2K36zCMV5eJ+/+tOAngRO8cODMNWbVRdVlmGZQL2YS3yR8bIUA==}
    engines: {node: '>= 0.4'}

  follow-redirects@1.15.11:
    resolution: {integrity: sha512-deG2P0JfjrTxl50XGCDyfI97ZGVCxIpfKYmfyrQ54n5FO/0gfIES8C/Psl6kWVDolizcaaxZJnTS0QSMxvnsBQ==}
    engines: {node: '>=4.0'}
    peerDependencies:
      debug: '*'
    peerDependenciesMeta:
      debug:
        optional: true

  form-data@4.0.4:
    resolution: {integrity: sha512-KrGhL9Q4zjj0kiUt5OO4Mr/A/jlI2jDYs5eHBpYHPcBEVSiipAvn2Ko2HnPe20rmcuuvMHNdZFp+4IlGTMF0Ow==}
    engines: {node: '>= 6'}

  function-bind@1.1.2:
    resolution: {integrity: sha512-7XHNxH7qX9xG5mIwxkhumTox/MIRNcOgDrxWsMt2pAr23WHp6MrRlN7FBSFpCpr+oVO0F744iUgR82nJMfG2SA==}

  get-intrinsic@1.3.0:
    resolution: {integrity: sha512-9fSjSaos/fRIVIp+xSJlE6lfwhES7LNtKaCBIamHsjr2na1BiABJPo0mOjjz8GJDURarmCPGqaiVg5mfjb98CQ==}
    engines: {node: '>= 0.4'}

  get-proto@1.0.1:
    resolution: {integrity: sha512-sTSfBjoXBp89JvIKIefqw7U2CCebsc74kiY6awiGogKtoSGbgjYE/G/+l9sF3MWFPNc9IcoOC4ODfKHfxFmp0g==}
    engines: {node: '>= 0.4'}

  gopd@1.2.0:
    resolution: {integrity: sha512-ZUKRh6/kUFoAiTAtTYPZJ3hw9wNxx+BIBOijnlG9PnrJsCcSjs1wyyD6vJpaYtgnzDrKYRSqf3OO6Rfa93xsRg==}
    engines: {node: '>= 0.4'}

  has-symbols@1.1.0:
    resolution: {integrity: sha512-1cDNdwJ2Jaohmb3sg4OmKaMBwuC48sYni5HUw2DvsC8LjGTLK9h+eb1X6RyuOHe4hT0ULCW68iomhjUoKUqlPQ==}
    engines: {node: '>= 0.4'}

  has-tostringtag@1.0.2:
    resolution: {integrity: sha512-NqADB8VjPFLM2V0VvHUewwwsw0ZWBaIdgo+ieHtK3hasLz4qeCRjYcqfB6AQrBggRKppKF8L52/VqdVsO47Dlw==}
    engines: {node: '>= 0.4'}

  hasown@2.0.2:
    resolution: {integrity: sha512-0hJU9SCPvmMzIBdZFqNPXWa6dqh7WdH0cII9y+CyS8rG3nL48Bclra9HmKhVVUHyPWNH5Y7xDwAB7bfgSjkUMQ==}
    engines: {node: '>= 0.4'}

  math-intrinsics@1.1.0:
    resolution: {integrity: sha512-/IXtbwEk5HTPyEwyKX6hGkYXxM9nbj64B+ilVJnC/R6B0pH5G4V3b0pVbL7DBj4tkhBAppbQUlf6F6Xl9LHu1g==}
    engines: {node: '>= 0.4'}

  mime-db@1.52.0:
    resolution: {integrity: sha512-sPU4uV7dYlvtWJxwwxHD0PuihVNiE7TyAbQ5SWxDCB9mUYvOgroQOwYQQOKPJ8CIbE+1ETVlOoK1UC2nU3gYvg==}
    engines: {node: '>= 0.6'}

  mime-types@2.1.35:
    resolution: {integrity: sha512-ZDY+bPm5zTTF+YpCrAU9nK0UgICYPT0QtT1NZWFv4s++TNkcgVaT0g6+4R2uI4MjQjzysHB1zxuWL50hzaeXiw==}
    engines: {node: '>= 0.6'}

  oxfmt@0.14.0:
    resolution: {integrity: sha512-cZpXmiiEIHxEWq1bkqgCM/9vMv4TQ8RCSA9l+5PPEuCewL+2qNP/7vZynIrQnByvUnJc/G3YOj95XH+GXYLaKg==}
    engines: {node: ^20.19.0 || >=22.12.0}
    hasBin: true

  oxlint-tsgolint@0.7.1:
    resolution: {integrity: sha512-v55AjqzCu1cV5GORTHXNhaxOX6cSVtJ1z/VwG+0aEjqSQ09887uLWNglrgXe1xLY7elRazssjYNLxiwFs9s8uQ==}
    hasBin: true

  oxlint@1.23.0:
    resolution: {integrity: sha512-cLVdSE7Bza8npm+PffU0oufs15+M5uSMbQn0k2fJCayWU0xqQ3dyA3w9tEk8lgNOk1j1VJEdYctz64Vik8VG1w==}
    engines: {node: ^20.19.0 || >=22.12.0}
    hasBin: true
    peerDependencies:
      oxlint-tsgolint: '>=0.2.0'
    peerDependenciesMeta:
      oxlint-tsgolint:
        optional: true

  proxy-from-env@1.1.0:
    resolution: {integrity: sha512-D+zkORCbA9f1tdWRK0RaCR3GPv50cMxcrz4X8k5LTSUD1Dkw47mKJEZQNunItRTkWwgtaUSo1RVFRIG9ZXiFYg==}

  typescript@5.9.3:
    resolution: {integrity: sha512-jl1vZzPDinLr9eUt3J/t7V6FgNEw9QjvBPdysz9KfQDD41fQrC2Y4vKQdiaUpFT4bXlb1RHhLpp8wtm6M5TgSw==}
    engines: {node: '>=14.17'}
    hasBin: true

  undici-types@6.21.0:
    resolution: {integrity: sha512-iwDZqg0QAGrg9Rav5H4n0M64c3mkR59cJ6wQp+7C4nI0gsmExaedaYLNO44eT4AtBBwjbTiGPMlt2Md0T9H9JQ==}

  zod@3.25.76:
    resolution: {integrity: sha512-gzUt/qt81nXsFGKIFcC3YnfEAx5NkunCfnDlvuBSSFS02bcXu4Lmea0AFIUwbLWxWPx3d9p8S5QoaujKcNQxcQ==}

snapshots:

  '@oxfmt/darwin-arm64@0.14.0':
    optional: true

  '@oxfmt/darwin-x64@0.14.0':
    optional: true

  '@oxfmt/linux-arm64-gnu@0.14.0':
    optional: true

  '@oxfmt/linux-arm64-musl@0.14.0':
    optional: true

  '@oxfmt/linux-x64-gnu@0.14.0':
    optional: true

  '@oxfmt/linux-x64-musl@0.14.0':
    optional: true

  '@oxfmt/win32-arm64@0.14.0':
    optional: true

  '@oxfmt/win32-x64@0.14.0':
    optional: true

  '@oxlint-tsgolint/darwin-arm64@0.7.1':
    optional: true

  '@oxlint-tsgolint/darwin-x64@0.7.1':
    optional: true

  '@oxlint-tsgolint/linux-arm64@0.7.1':
    optional: true

  '@oxlint-tsgolint/linux-x64@0.7.1':
    optional: true

  '@oxlint-tsgolint/win32-arm64@0.7.1':
    optional: true

  '@oxlint-tsgolint/win32-x64@0.7.1':
    optional: true

  '@oxlint/darwin-arm64@1.23.0':
    optional: true

  '@oxlint/darwin-x64@1.23.0':
    optional: true

  '@oxlint/linux-arm64-gnu@1.23.0':
    optional: true

  '@oxlint/linux-arm64-musl@1.23.0':
    optional: true

  '@oxlint/linux-x64-gnu@1.23.0':
    optional: true

  '@oxlint/linux-x64-musl@1.23.0':
    optional: true

  '@oxlint/win32-arm64@1.23.0':
    optional: true

  '@oxlint/win32-x64@1.23.0':
    optional: true

  '@types/node@20.19.21':
    dependencies:
      undici-types: 6.21.0

  asynckit@0.4.0: {}

  axios@1.12.2:
    dependencies:
      follow-redirects: 1.15.11
      form-data: 4.0.4
      proxy-from-env: 1.1.0
    transitivePeerDependencies:
      - debug

  call-bind-apply-helpers@1.0.2:
    dependencies:
      es-errors: 1.3.0
      function-bind: 1.1.2

  combined-stream@1.0.8:
    dependencies:
      delayed-stream: 1.0.0

  delayed-stream@1.0.0: {}

  dunder-proto@1.0.1:
    dependencies:
      call-bind-apply-helpers: 1.0.2
      es-errors: 1.3.0
      gopd: 1.2.0

  es-define-property@1.0.1: {}

  es-errors@1.3.0: {}

  es-object-atoms@1.1.1:
    dependencies:
      es-errors: 1.3.0

  es-set-tostringtag@2.1.0:
    dependencies:
      es-errors: 1.3.0
      get-intrinsic: 1.3.0
      has-tostringtag: 1.0.2
      hasown: 2.0.2

  follow-redirects@1.15.11: {}

  form-data@4.0.4:
    dependencies:
      asynckit: 0.4.0
      combined-stream: 1.0.8
      es-set-tostringtag: 2.1.0
      hasown: 2.0.2
      mime-types: 2.1.35

  function-bind@1.1.2: {}

  get-intrinsic@1.3.0:
    dependencies:
      call-bind-apply-helpers: 1.0.2
      es-define-property: 1.0.1
      es-errors: 1.3.0
      es-object-atoms: 1.1.1
      function-bind: 1.1.2
      get-proto: 1.0.1
      gopd: 1.2.0
      has-symbols: 1.1.0
      hasown: 2.0.2
      math-intrinsics: 1.1.0

  get-proto@1.0.1:
    dependencies:
      dunder-proto: 1.0.1
      es-object-atoms: 1.1.1

  gopd@1.2.0: {}

  has-symbols@1.1.0: {}

  has-tostringtag@1.0.2:
    dependencies:
      has-symbols: 1.1.0

  hasown@2.0.2:
    dependencies:
      function-bind: 1.1.2

  math-intrinsics@1.1.0: {}

  mime-db@1.52.0: {}

  mime-types@2.1.35:
    dependencies:
      mime-db: 1.52.0

  oxfmt@0.14.0:
    optionalDependencies:
      '@oxfmt/darwin-arm64': 0.14.0
      '@oxfmt/darwin-x64': 0.14.0
      '@oxfmt/linux-arm64-gnu': 0.14.0
      '@oxfmt/linux-arm64-musl': 0.14.0
      '@oxfmt/linux-x64-gnu': 0.14.0
      '@oxfmt/linux-x64-musl': 0.14.0
      '@oxfmt/win32-arm64': 0.14.0
      '@oxfmt/win32-x64': 0.14.0

  oxlint-tsgolint@0.7.1:
    optionalDependencies:
      '@oxlint-tsgolint/darwin-arm64': 0.7.1
      '@oxlint-tsgolint/darwin-x64': 0.7.1
      '@oxlint-tsgolint/linux-arm64': 0.7.1
      '@oxlint-tsgolint/linux-x64': 0.7.1
      '@oxlint-tsgolint/win32-arm64': 0.7.1
      '@oxlint-tsgolint/win32-x64': 0.7.1

  oxlint@1.23.0(oxlint-tsgolint@0.7.1):
    optionalDependencies:
      '@oxlint/darwin-arm64': 1.23.0
      '@oxlint/darwin-x64': 1.23.0
      '@oxlint/linux-arm64-gnu': 1.23.0
      '@oxlint/linux-arm64-musl': 1.23.0
      '@oxlint/linux-x64-gnu': 1.23.0
      '@oxlint/linux-x64-musl': 1.23.0
      '@oxlint/win32-arm64': 1.23.0
      '@oxlint/win32-x64': 1.23.0
      oxlint-tsgolint: 0.7.1

  proxy-from-env@1.1.0: {}

  typescript@5.9.3: {}

  undici-types@6.21.0: {}

  zod@3.25.76: {}
